
Microsoft Visual Studio Solution File, Format Version 12.00
# Visual Studio 15
VisualStudioVersion = 15.0.28307.438
MinimumVisualStudioVersion = 10.0.40219.1
Project("{9A19103F-16F7-4668-BE54-9A1E7A4F7556}") = "Project.SMSSend", "src\Project.SMSSend\Project.SMSSend.csproj", "{53335CB1-F41C-4F14-A711-0FC6DA8C2108}"
EndProject
Project("{9A19103F-16F7-4668-BE54-9A1E7A4F7556}") = "MmbjSmsSend.NUnitTest", "src\MmbjSmsSend.NUnitTest\MmbjSmsSend.NUnitTest.csproj", "{74F8B8E8-ED0A-4D59-96C2-1ECDFE2EBCDF}"
EndProject
Global
	GlobalSection(SolutionConfigurationPlatforms) = preSolution
		Debug|Any CPU = Debug|Any CPU
		Release|Any CPU = Release|Any CPU
	EndGlobalSection
	GlobalSection(ProjectConfigurationPlatforms) = postSolution
		{53335CB1-F41C-4F14-A711-0FC6DA8C2108}.Debug|Any CPU.ActiveCfg = Debug|Any CPU
		{53335CB1-F41C-4F14-A711-0FC6DA8C2108}.Debug|Any CPU.Build.0 = Debug|Any CPU
		{53335CB1-F41C-4F14-A711-0FC6DA8C2108}.Release|Any CPU.ActiveCfg = Release|Any CPU
		{53335CB1-F41C-4F14-A711-0FC6DA8C2108}.Release|Any CPU.Build.0 = Release|Any CPU
		{74F8B8E8-ED0A-4D59-96C2-1ECDFE2EBCDF}.Debug|Any CPU.ActiveCfg = Debug|Any CPU
		{74F8B8E8-ED0A-4D59-96C2-1ECDFE2EBCDF}.Debug|Any CPU.Build.0 = Debug|Any CPU
		{74F8B8E8-ED0A-4D59-96C2-1ECDFE2EBCDF}.Release|Any CPU.ActiveCfg = Release|Any CPU
		{74F8B8E8-ED0A-4D59-96C2-1ECDFE2EBCDF}.Release|Any CPU.Build.0 = Release|Any CPU
	EndGlobalSection
	GlobalSection(SolutionProperties) = preSolution
		HideSolutionNode = FALSE
	EndGlobalSection
	GlobalSection(ExtensibilityGlobals) = postSolution
		SolutionGuid = {6B93613E-6847-4E10-9DB7-14A2C91761E0}
	EndGlobalSection
EndGlobal
